
Microsoft Visual Studio Solution File, Format Version 12.00
# Visual Studio Version 17
VisualStudioVersion = 17.6.33815.320
MinimumVisualStudioVersion = 10.0.40219.1
Project("{9A19103F-16F7-4668-BE54-9A1E7A4F7556}") = "PrototypeWPF", "PrototypeWPF\PrototypeWPF.csproj", "{8347DFB3-7356-453A-9FE8-4ED5B508C515}"
EndProject
Project("{FAE04EC0-301F-11D3-BF4B-00C04F79EFBC}") = "NoodleCV", "NoodleCV\NoodleCV.csproj", "{0101F591-AEAF-4948-87B6-3582DE8ED651}"
EndProject
Project("{FAE04EC0-301F-11D3-BF4B-00C04F79EFBC}") = "NoodleCV.OpenCvSharp4", "NoodleCV.OpenCvSharp4\NoodleCV.OpenCvSharp4.csproj", "{4117BD25-662B-4D14-87C7-AA8EE37B41EE}"
EndProject
Global
	GlobalSection(SolutionConfigurationPlatforms) = preSolution
		Debug|Any CPU = Debug|Any CPU
		Release|Any CPU = Release|Any CPU
	EndGlobalSection
	GlobalSection(ProjectConfigurationPlatforms) = postSolution
		{8347DFB3-7356-453A-9FE8-4ED5B508C515}.Debug|Any CPU.ActiveCfg = Debug|Any CPU
		{8347DFB3-7356-453A-9FE8-4ED5B508C515}.Debug|Any CPU.Build.0 = Debug|Any CPU
		{8347DFB3-7356-453A-9FE8-4ED5B508C515}.Release|Any CPU.ActiveCfg = Release|Any CPU
		{8347DFB3-7356-453A-9FE8-4ED5B508C515}.Release|Any CPU.Build.0 = Release|Any CPU
		{0101F591-AEAF-4948-87B6-3582DE8ED651}.Debug|Any CPU.ActiveCfg = Debug|Any CPU
		{0101F591-AEAF-4948-87B6-3582DE8ED651}.Debug|Any CPU.Build.0 = Debug|Any CPU
		{0101F591-AEAF-4948-87B6-3582DE8ED651}.Release|Any CPU.ActiveCfg = Release|Any CPU
		{0101F591-AEAF-4948-87B6-3582DE8ED651}.Release|Any CPU.Build.0 = Release|Any CPU
		{4117BD25-662B-4D14-87C7-AA8EE37B41EE}.Debug|Any CPU.ActiveCfg = Debug|Any CPU
		{4117BD25-662B-4D14-87C7-AA8EE37B41EE}.Debug|Any CPU.Build.0 = Debug|Any CPU
		{4117BD25-662B-4D14-87C7-AA8EE37B41EE}.Release|Any CPU.ActiveCfg = Release|Any CPU
		{4117BD25-662B-4D14-87C7-AA8EE37B41EE}.Release|Any CPU.Build.0 = Release|Any CPU
	EndGlobalSection
	GlobalSection(SolutionProperties) = preSolution
		HideSolutionNode = FALSE
	EndGlobalSection
	GlobalSection(ExtensibilityGlobals) = postSolution
		SolutionGuid = {724CA022-9651-4184-BCC6-B0CD50375494}
	EndGlobalSection
EndGlobal
