
Microsoft Visual Studio Solution File, Format Version 12.00
# Visual Studio Version 17
VisualStudioVersion = 17.5.33516.290
MinimumVisualStudioVersion = 10.0.40219.1
Project("{FAE04EC0-301F-11D3-BF4B-00C04F79EFBC}") = "NodeCV", "NodeCV\NodeCV\NodeCV.csproj", "{A54142EB-2436-4CDB-A4DB-5DA33B67E866}"
EndProject
Project("{FAE04EC0-301F-11D3-BF4B-00C04F79EFBC}") = "NodeCV.Desktop", "NodeCV\NodeCV.Desktop\NodeCV.Desktop.csproj", "{C77F5277-FA7A-4A69-A458-1A8434174857}"
EndProject
Project("{FAE04EC0-301F-11D3-BF4B-00C04F79EFBC}") = "NodeCV.Browser", "NodeCV\NodeCV.Browser\NodeCV.Browser.csproj", "{4EBFD97C-A26D-48A9-BECB-D2D5DF4CEB31}"
EndProject
Global
	GlobalSection(SolutionConfigurationPlatforms) = preSolution
		Debug|Any CPU = Debug|Any CPU
		Release|Any CPU = Release|Any CPU
	EndGlobalSection
	GlobalSection(ProjectConfigurationPlatforms) = postSolution
		{A54142EB-2436-4CDB-A4DB-5DA33B67E866}.Debug|Any CPU.ActiveCfg = Debug|Any CPU
		{A54142EB-2436-4CDB-A4DB-5DA33B67E866}.Debug|Any CPU.Build.0 = Debug|Any CPU
		{A54142EB-2436-4CDB-A4DB-5DA33B67E866}.Release|Any CPU.ActiveCfg = Release|Any CPU
		{A54142EB-2436-4CDB-A4DB-5DA33B67E866}.Release|Any CPU.Build.0 = Release|Any CPU
		{C77F5277-FA7A-4A69-A458-1A8434174857}.Debug|Any CPU.ActiveCfg = Debug|Any CPU
		{C77F5277-FA7A-4A69-A458-1A8434174857}.Debug|Any CPU.Build.0 = Debug|Any CPU
		{C77F5277-FA7A-4A69-A458-1A8434174857}.Release|Any CPU.ActiveCfg = Release|Any CPU
		{C77F5277-FA7A-4A69-A458-1A8434174857}.Release|Any CPU.Build.0 = Release|Any CPU
		{4EBFD97C-A26D-48A9-BECB-D2D5DF4CEB31}.Debug|Any CPU.ActiveCfg = Debug|Any CPU
		{4EBFD97C-A26D-48A9-BECB-D2D5DF4CEB31}.Debug|Any CPU.Build.0 = Debug|Any CPU
		{4EBFD97C-A26D-48A9-BECB-D2D5DF4CEB31}.Release|Any CPU.ActiveCfg = Release|Any CPU
		{4EBFD97C-A26D-48A9-BECB-D2D5DF4CEB31}.Release|Any CPU.Build.0 = Release|Any CPU
	EndGlobalSection
	GlobalSection(SolutionProperties) = preSolution
		HideSolutionNode = FALSE
	EndGlobalSection
	GlobalSection(ExtensibilityGlobals) = postSolution
		SolutionGuid = {0AD98691-49F2-48F0-92B8-D16FE9846A92}
	EndGlobalSection
EndGlobal
